
Microsoft Visual Studio Solution File, Format Version 12.00
# Visual Studio Version 17
VisualStudioVersion = 17.5.33627.172
MinimumVisualStudioVersion = 10.0.40219.1
Project("{9A19103F-16F7-4668-BE54-9A1E7A4F7556}") = "HoneyBagder", "HoneyBagder\HoneyBagder.csproj", "{95E1EDAB-6B64-4DF5-9311-A60136991E46}"
EndProject
Project("{9A19103F-16F7-4668-BE54-9A1E7A4F7556}") = "AlgorithmsWebApplication", "..\..\..\AlgorithmsWebApplication\AlgorithmsWebApplication.csproj", "{D8C650B8-AED8-4112-9549-A0599487DB6F}"
	ProjectSection(ProjectDependencies) = postProject
		{C814A654-1DDD-4528-AA51-708898CFBDFA} = {C814A654-1DDD-4528-AA51-708898CFBDFA}
	EndProjectSection
EndProject
Project("{9A19103F-16F7-4668-BE54-9A1E7A4F7556}") = "testFitnessFunction", "testFitnessFunction\testFitnessFunction.csproj", "{751C6F8D-A95D-4C39-A8F1-B0EDE3330881}"
	ProjectSection(ProjectDependencies) = postProject
		{95E1EDAB-6B64-4DF5-9311-A60136991E46} = {95E1EDAB-6B64-4DF5-9311-A60136991E46}
		{C814A654-1DDD-4528-AA51-708898CFBDFA} = {C814A654-1DDD-4528-AA51-708898CFBDFA}
	EndProjectSection
EndProject
Project("{9A19103F-16F7-4668-BE54-9A1E7A4F7556}") = "ZadanieAA", "..\..\..\ZadanieAA\ZadanieAA.csproj", "{C814A654-1DDD-4528-AA51-708898CFBDFA}"
EndProject
Global
	GlobalSection(SolutionConfigurationPlatforms) = preSolution
		Debug|Any CPU = Debug|Any CPU
		Release|Any CPU = Release|Any CPU
	EndGlobalSection
	GlobalSection(ProjectConfigurationPlatforms) = postSolution
		{95E1EDAB-6B64-4DF5-9311-A60136991E46}.Debug|Any CPU.ActiveCfg = Debug|Any CPU
		{95E1EDAB-6B64-4DF5-9311-A60136991E46}.Debug|Any CPU.Build.0 = Debug|Any CPU
		{95E1EDAB-6B64-4DF5-9311-A60136991E46}.Release|Any CPU.ActiveCfg = Release|Any CPU
		{95E1EDAB-6B64-4DF5-9311-A60136991E46}.Release|Any CPU.Build.0 = Release|Any CPU
		{D8C650B8-AED8-4112-9549-A0599487DB6F}.Debug|Any CPU.ActiveCfg = Debug|Any CPU
		{D8C650B8-AED8-4112-9549-A0599487DB6F}.Debug|Any CPU.Build.0 = Debug|Any CPU
		{D8C650B8-AED8-4112-9549-A0599487DB6F}.Release|Any CPU.ActiveCfg = Release|Any CPU
		{D8C650B8-AED8-4112-9549-A0599487DB6F}.Release|Any CPU.Build.0 = Release|Any CPU
		{751C6F8D-A95D-4C39-A8F1-B0EDE3330881}.Debug|Any CPU.ActiveCfg = Debug|Any CPU
		{751C6F8D-A95D-4C39-A8F1-B0EDE3330881}.Debug|Any CPU.Build.0 = Debug|Any CPU
		{751C6F8D-A95D-4C39-A8F1-B0EDE3330881}.Release|Any CPU.ActiveCfg = Release|Any CPU
		{751C6F8D-A95D-4C39-A8F1-B0EDE3330881}.Release|Any CPU.Build.0 = Release|Any CPU
		{C814A654-1DDD-4528-AA51-708898CFBDFA}.Debug|Any CPU.ActiveCfg = Debug|Any CPU
		{C814A654-1DDD-4528-AA51-708898CFBDFA}.Debug|Any CPU.Build.0 = Debug|Any CPU
		{C814A654-1DDD-4528-AA51-708898CFBDFA}.Release|Any CPU.ActiveCfg = Release|Any CPU
		{C814A654-1DDD-4528-AA51-708898CFBDFA}.Release|Any CPU.Build.0 = Release|Any CPU
	EndGlobalSection
	GlobalSection(SolutionProperties) = preSolution
		HideSolutionNode = FALSE
	EndGlobalSection
	GlobalSection(ExtensibilityGlobals) = postSolution
		SolutionGuid = {8FF8ED38-2F44-42C0-8A79-FD0960C5CCF4}
	EndGlobalSection
EndGlobal
